
Microsoft Visual Studio Solution File, Format Version 12.00
# Visual Studio Version 16
VisualStudioVersion = 16.0.31005.135
MinimumVisualStudioVersion = 10.0.40219.1
Project("{FAE04EC0-301F-11D3-BF4B-00C04F79EFBC}") = "Lab2", "Lab2\Lab2.csproj", "{4B8E0F4A-5398-4400-B63D-83A3F7F48B96}"
EndProject
Global
	GlobalSection(SolutionConfigurationPlatforms) = preSolution
		Debug|Any CPU = Debug|Any CPU
		Release|Any CPU = Release|Any CPU
	EndGlobalSection
	GlobalSection(ProjectConfigurationPlatforms) = postSolution
		{4B8E0F4A-5398-4400-B63D-83A3F7F48B96}.Debug|Any CPU.ActiveCfg = Debug|Any CPU
		{4B8E0F4A-5398-4400-B63D-83A3F7F48B96}.Debug|Any CPU.Build.0 = Debug|Any CPU
		{4B8E0F4A-5398-4400-B63D-83A3F7F48B96}.Release|Any CPU.ActiveCfg = Release|Any CPU
		{4B8E0F4A-5398-4400-B63D-83A3F7F48B96}.Release|Any CPU.Build.0 = Release|Any CPU
	EndGlobalSection
	GlobalSection(SolutionProperties) = preSolution
		HideSolutionNode = FALSE
	EndGlobalSection
	GlobalSection(ExtensibilityGlobals) = postSolution
		SolutionGuid = {DFA2B598-3141-469D-A42D-B375B38244D5}
	EndGlobalSection
EndGlobal
